
Microsoft Visual Studio Solution File, Format Version 12.00
# Visual Studio Version 17
VisualStudioVersion = 17.10.35013.160
MinimumVisualStudioVersion = 10.0.40219.1
Project("{FAE04EC0-301F-11D3-BF4B-00C04F79EFBC}") = "Restrunant", "Restrunant\Restrunant.csproj", "{2033A9F0-A33B-4E2F-8355-05B1B2D59508}"
EndProject
Global
	GlobalSection(SolutionConfigurationPlatforms) = preSolution
		Debug|Any CPU = Debug|Any CPU
		Release|Any CPU = Release|Any CPU
	EndGlobalSection
	GlobalSection(ProjectConfigurationPlatforms) = postSolution
		{2033A9F0-A33B-4E2F-8355-05B1B2D59508}.Debug|Any CPU.ActiveCfg = Debug|Any CPU
		{2033A9F0-A33B-4E2F-8355-05B1B2D59508}.Debug|Any CPU.Build.0 = Debug|Any CPU
		{2033A9F0-A33B-4E2F-8355-05B1B2D59508}.Release|Any CPU.ActiveCfg = Release|Any CPU
		{2033A9F0-A33B-4E2F-8355-05B1B2D59508}.Release|Any CPU.Build.0 = Release|Any CPU
	EndGlobalSection
	GlobalSection(SolutionProperties) = preSolution
		HideSolutionNode = FALSE
	EndGlobalSection
	GlobalSection(ExtensibilityGlobals) = postSolution
		SolutionGuid = {43E40777-E583-4459-BAE7-95CBECCCA395}
	EndGlobalSection
EndGlobal
